<?xml version="1.0" encoding="utf-8"?>
<Project ToolsVersion="4.0" xmlns="http://schemas.microsoft.com/developer/msbuild/2003">
  <ItemGroup>
    <ClInclude Include="source\model.h">
      <Filter>Header Files</Filter>
    </ClInclude>
    <ClInclude Include="source\scene.h">
      <Filter>Header Files</Filter>
    </ClInclude>
    <ClInclude Include="source\Win32_DX11AppUtil.h">
      <Filter>Header Files</Filter>
    </ClInclude>
    <ClInclude Include="source\desktop.h">
      <Filter>Header Files</Filter>
    </ClInclude>
    <ClInclude Include="DirectXTex\DDSTextureLoader\DDSTextureLoader.h">
      <Filter>Header Files</Filter>
    </ClInclude>
    <ClInclude Include="Source\controlPanel.h">
      <Filter>Header Files</Filter>
    </ClInclude>
  </ItemGroup>
  <ItemGroup>
    <ClCompile Include="source\Win32_RoomTiny_Main.cpp" />
    <ClCompile Include="source\Win32_DX11AppUtil.cpp">
      <Filter>Source Files</Filter>
    </ClCompile>
    <ClCompile Include="source\model.cpp">
      <Filter>Source Files</Filter>
    </ClCompile>
    <ClCompile Include="source\scene.cpp">
      <Filter>Source Files</Filter>
    </ClCompile>
    <ClCompile Include="source\desktop.cpp">
      <Filter>Source Files</Filter>
    </ClCompile>
    <ClCompile Include="DirectXTex\DDSTextureLoader\DDSTextureLoader.cpp">
      <Filter>Source Files</Filter>
    </ClCompile>
    <ClCompile Include="Source\controlpanel.cpp">
      <Filter>Source Files</Filter>
    </ClCompile>
  </ItemGroup>
  <ItemGroup>
    <Filter Include="Header Files">
      <UniqueIdentifier>{23b97ff3-4531-4789-bf47-bf1184efe376}</UniqueIdentifier>
    </Filter>
    <Filter Include="Source Files">
      <UniqueIdentifier>{974bf83c-60ee-4998-a25e-e1b173ad3752}</UniqueIdentifier>
    </Filter>
    <Filter Include="Shader Files">
      <UniqueIdentifier>{ea490b21-132c-422b-95c1-8cda60c5d12c}</UniqueIdentifier>
    </Filter>
  </ItemGroup>
  <ItemGroup>
    <FxCompile Include="Source\PixelShaderBox.hlsl">
      <Filter>Shader Files</Filter>
    </FxCompile>
    <FxCompile Include="Source\PixelShaderSkybox.hlsl">
      <Filter>Shader Files</Filter>
    </FxCompile>
    <FxCompile Include="Source\VertexShaderBox.hlsl">
      <Filter>Shader Files</Filter>
    </FxCompile>
    <FxCompile Include="Source\VertexShaderSkybox.hlsl">
      <Filter>Shader Files</Filter>
    </FxCompile>
  </ItemGroup>
</Project>